// !$*UTF8*$!
{
	archiveVersion = 1;
	classes = {
	};
	objectVersion = 46;
	objects = {

/* Begin PBXBuildFile section */
		11F53FE11B6B8F25002A8C89 /* main.m in Sources */ = {isa = PBXBuildFile; fileRef = 11F53FE01B6B8F25002A8C89 /* main.m */; };
		11F53FE41B6B8F25002A8C89 /* AppDelegate.m in Sources */ = {isa = PBXBuildFile; fileRef = 11F53FE31B6B8F25002A8C89 /* AppDelegate.m */; };
		11F53FE71B6B8F25002A8C89 /* ViewController.m in Sources */ = {isa = PBXBuildFile; fileRef = 11F53FE61B6B8F25002A8C89 /* ViewController.m */; };
		11F53FEA1B6B8F25002A8C89 /* Main.storyboard in Resources */ = {isa = PBXBuildFile; fileRef = 11F53FE81B6B8F25002A8C89 /* Main.storyboard */; };
		11F53FEC1B6B8F25002A8C89 /* Images.xcassets in Resources */ = {isa = PBXBuildFile; fileRef = 11F53FEB1B6B8F25002A8C89 /* Images.xcassets */; };
		11F53FEF1B6B8F25002A8C89 /* LaunchScreen.xib in Resources */ = {isa = PBXBuildFile; fileRef = 11F53FED1B6B8F25002A8C89 /* LaunchScreen.xib */; };
		11F53FFB1B6B8F25002A8C89 /* TestCoverageTests.m in Sources */ = {isa = PBXBuildFile; fileRef = 11F53FFA1B6B8F25002A8C89 /* TestCoverageTests.m */; };
/* End PBXBuildFile section */

/* Begin PBXContainerItemProxy section */
		11F53FF51B6B8F25002A8C89 /* PBXContainerItemProxy */ = {
			isa = PBXContainerItemProxy;
			containerPortal = 11F53FD31B6B8F25002A8C89 /* Project object */;
			proxyType = 1;
			remoteGlobalIDString = 11F53FDA1B6B8F25002A8C89;
			remoteInfo = TestCoverage;
		};
/* End PBXContainerItemProxy section */

/* Begin PBXFileReference section */
		11F53FDB1B6B8F25002A8C89 /* TestCoverage.app */ = {isa = PBXFileReference; explicitFileType = wrapper.application; includeInIndex = 0; path = TestCoverage.app; sourceTree = BUILT_PRODUCTS_DIR; };
		11F53FDF1B6B8F25002A8C89 /* Info.plist */ = {isa = PBXFileReference; lastKnownFileType = text.plist.xml; path = Info.plist; sourceTree = "<group>"; };
		11F53FE01B6B8F25002A8C89 /* main.m */ = {isa = PBXFileReference; lastKnownFileType = sourcecode.c.objc; path = main.m; sourceTree = "<group>"; };
		11F53FE21B6B8F25002A8C89 /* AppDelegate.h */ = {isa = PBXFileReference; lastKnownFileType = sourcecode.c.h; path = AppDelegate.h; sourceTree = "<group>"; };
		11F53FE31B6B8F25002A8C89 /* AppDelegate.m */ = {isa = PBXFileReference; lastKnownFileType = sourcecode.c.objc; path = AppDelegate.m; sourceTree = "<group>"; };
		11F53FE51B6B8F25002A8C89 /* ViewController.h */ = {isa = PBXFileReference; lastKnownFileType = sourcecode.c.h; path = ViewController.h; sourceTree = "<group>"; };
		11F53FE61B6B8F25002A8C89 /* ViewController.m */ = {isa = PBXFileReference; lastKnownFileType = sourcecode.c.objc; path = ViewController.m; sourceTree = "<group>"; };
		11F53FE91B6B8F25002A8C89 /* Base */ = {isa = PBXFileReference; lastKnownFileType = file.storyboard; name = Base; path = Base.lproj/Main.storyboard; sourceTree = "<group>"; };
		11F53FEB1B6B8F25002A8C89 /* Images.xcassets */ = {isa = PBXFileReference; lastKnownFileType = folder.assetcatalog; path = Images.xcassets; sourceTree = "<group>"; };
		11F53FEE1B6B8F25002A8C89 /* Base */ = {isa = PBXFileReference; lastKnownFileType = file.xib; name = Base; path = Base.lproj/LaunchScreen.xib; sourceTree = "<group>"; };
		11F53FF41B6B8F25002A8C89 /* TestCoverageTests.xctest */ = {isa = PBXFileReference; explicitFileType = wrapper.cfbundle; includeInIndex = 0; path = TestCoverageTests.xctest; sourceTree = BUILT_PRODUCTS_DIR; };
		11F53FF91B6B8F25002A8C89 /* Info.plist */ = {isa = PBXFileReference; lastKnownFileType = text.plist.xml; path = Info.plist; sourceTree = "<group>"; };
		11F53FFA1B6B8F25002A8C89 /* TestCoverageTests.m */ = {isa = PBXFileReference; lastKnownFileType = sourcecode.c.objc; path = TestCoverageTests.m; sourceTree = "<group>"; };
/* End PBXFileReference section */

/* Begin PBXFrameworksBuildPhase section */
		11F53FD81B6B8F25002A8C89 /* Frameworks */ = {
			isa = PBXFrameworksBuildPhase;
			buildActionMask = 2147483647;
			files = (
			);
			runOnlyForDeploymentPostprocessing = 0;
		};
		11F53FF11B6B8F25002A8C89 /* Frameworks */ = {
			isa = PBXFrameworksBuildPhase;
			buildActionMask = 2147483647;
			files = (
			);
			runOnlyForDeploymentPostprocessing = 0;
		};
/* End PBXFrameworksBuildPhase section */

/* Begin PBXGroup section */
		11F53FD21B6B8F25002A8C89 = {
			isa = PBXGroup;
			children = (
				11F53FDD1B6B8F25002A8C89 /* TestCoverage */,
				11F53FF71B6B8F25002A8C89 /* TestCoverageTests */,
				11F53FDC1B6B8F25002A8C89 /* Products */,
			);
			sourceTree = "<group>";
		};
		11F53FDC1B6B8F25002A8C89 /* Products */ = {
			isa = PBXGroup;
			children = (
				11F53FDB1B6B8F25002A8C89 /* TestCoverage.app */,
				11F53FF41B6B8F25002A8C89 /* TestCoverageTests.xctest */,
			);
			name = Products;
			sourceTree = "<group>";
		};
		11F53FDD1B6B8F25002A8C89 /* TestCoverage */ = {
			isa = PBXGroup;
			children = (
				11F53FE21B6B8F25002A8C89 /* AppDelegate.h */,
				11F53FE31B6B8F25002A8C89 /* AppDelegate.m */,
				11F53FE51B6B8F25002A8C89 /* ViewController.h */,
				11F53FE61B6B8F25002A8C89 /* ViewController.m */,
				11F53FE81B6B8F25002A8C89 /* Main.storyboard */,
				11F53FEB1B6B8F25002A8C89 /* Images.xcassets */,
				11F53FED1B6B8F25002A8C89 /* LaunchScreen.xib */,
				11F53FDE1B6B8F25002A8C89 /* Supporting Files */,
			);
			path = TestCoverage;
			sourceTree = "<group>";
		};
		11F53FDE1B6B8F25002A8C89 /* Supporting Files */ = {
			isa = PBXGroup;
			children = (
				11F53FDF1B6B8F25002A8C89 /* Info.plist */,
				11F53FE01B6B8F25002A8C89 /* main.m */,
			);
			name = "Supporting Files";
			sourceTree = "<group>";
		};
		11F53FF71B6B8F25002A8C89 /* TestCoverageTests */ = {
			isa = PBXGroup;
			children = (
				11F53FFA1B6B8F25002A8C89 /* TestCoverageTests.m */,
				11F53FF81B6B8F25002A8C89 /* Supporting Files */,
			);
			path = TestCoverageTests;
			sourceTree = "<group>";
		};
		11F53FF81B6B8F25002A8C89 /* Supporting Files */ = {
			isa = PBXGroup;
			children = (
				11F53FF91B6B8F25002A8C89 /* Info.plist */,
			);
			name = "Supporting Files";
			sourceTree = "<group>";
		};
/* End PBXGroup section */

/* Begin PBXNativeTarget section */
		11F53FDA1B6B8F25002A8C89 /* TestCoverage */ = {
			isa = PBXNativeTarget;
			buildConfigurationList = 11F53FFE1B6B8F25002A8C89 /* Build configuration list for PBXNativeTarget "TestCoverage" */;
			buildPhases = (
				11F53FD71B6B8F25002A8C89 /* Sources */,
				11F53FD81B6B8F25002A8C89 /* Frameworks */,
				11F53FD91B6B8F25002A8C89 /* Resources */,
			);
			buildRules = (
			);
			dependencies = (
			);
			name = TestCoverage;
			productName = TestCoverage;
			productReference = 11F53FDB1B6B8F25002A8C89 /* TestCoverage.app */;
			productType = "com.apple.product-type.application";
		};
		11F53FF31B6B8F25002A8C89 /* TestCoverageTests */ = {
			isa = PBXNativeTarget;
			buildConfigurationList = 11F540011B6B8F25002A8C89 /* Build configuration list for PBXNativeTarget "TestCoverageTests" */;
			buildPhases = (
				11F53FF01B6B8F25002A8C89 /* Sources */,
				11F53FF11B6B8F25002A8C89 /* Frameworks */,
				11F53FF21B6B8F25002A8C89 /* Resources */,
			);
			buildRules = (
			);
			dependencies = (
				11F53FF61B6B8F25002A8C89 /* PBXTargetDependency */,
			);
			name = TestCoverageTests;
			productName = TestCoverageTests;
			productReference = 11F53FF41B6B8F25002A8C89 /* TestCoverageTests.xctest */;
			productType = "com.apple.product-type.bundle.unit-test";
		};
/* End PBXNativeTarget section */

/* Begin PBXProject section */
		11F53FD31B6B8F25002A8C89 /* Project object */ = {
			isa = PBXProject;
			attributes = {
				LastUpgradeCheck = 0640;
				ORGANIZATIONNAME = Likomp;
				TargetAttributes = {
					11F53FDA1B6B8F25002A8C89 = {
						CreatedOnToolsVersion = 6.4;
					};
					11F53FF31B6B8F25002A8C89 = {
						CreatedOnToolsVersion = 6.4;
						TestTargetID = 11F53FDA1B6B8F25002A8C89;
					};
				};
			};
			buildConfigurationList = 11F53FD61B6B8F25002A8C89 /* Build configuration list for PBXProject "TestCoverage" */;
			compatibilityVersion = "Xcode 3.2";
			developmentRegion = English;
			hasScannedForEncodings = 0;
			knownRegions = (
				en,
				Base,
			);
			mainGroup = 11F53FD21B6B8F25002A8C89;
			productRefGroup = 11F53FDC1B6B8F25002A8C89 /* Products */;
			projectDirPath = "";
			projectRoot = "";
			targets = (
				11F53FDA1B6B8F25002A8C89 /* TestCoverage */,
				11F53FF31B6B8F25002A8C89 /* TestCoverageTests */,
			);
		};
/* End PBXProject section */

/* Begin PBXResourcesBuildPhase section */
		11F53FD91B6B8F25002A8C89 /* Resources */ = {
			isa = PBXResourcesBuildPhase;
			buildActionMask = 2147483647;
			files = (
				11F53FEA1B6B8F25002A8C89 /* Main.storyboard in Resources */,
				11F53FEF1B6B8F25002A8C89 /* LaunchScreen.xib in Resources */,
				11F53FEC1B6B8F25002A8C89 /* Images.xcassets in Resources */,
			);
			runOnlyForDeploymentPostprocessing = 0;
		};
		11F53FF21B6B8F25002A8C89 /* Resources */ = {
			isa = PBXResourcesBuildPhase;
			buildActionMask = 2147483647;
			files = (
			);
			runOnlyForDeploymentPostprocessing = 0;
		};
/* End PBXResourcesBuildPhase section */

/* Begin PBXSourcesBuildPhase section */
		11F53FD71B6B8F25002A8C89 /* Sources */ = {
			isa = PBXSourcesBuildPhase;
			buildActionMask = 2147483647;
			files = (
				11F53FE71B6B8F25002A8C89 /* ViewController.m in Sources */,
				11F53FE41B6B8F25002A8C89 /* AppDelegate.m in Sources */,
				11F53FE11B6B8F25002A8C89 /* main.m in Sources */,
			);
			runOnlyForDeploymentPostprocessing = 0;
		};
		11F53FF01B6B8F25002A8C89 /* Sources */ = {
			isa = PBXSourcesBuildPhase;
			buildActionMask = 2147483647;
			files = (
				11F53FFB1B6B8F25002A8C89 /* TestCoverageTests.m in Sources */,
			);
			runOnlyForDeploymentPostprocessing = 0;
		};
/* End PBXSourcesBuildPhase section */

/* Begin PBXTargetDependency section */
		11F53FF61B6B8F25002A8C89 /* PBXTargetDependency */ = {
			isa = PBXTargetDependency;
			target = 11F53FDA1B6B8F25002A8C89 /* TestCoverage */;
			targetProxy = 11F53FF51B6B8F25002A8C89 /* PBXContainerItemProxy */;
		};
/* End PBXTargetDependency section */

/* Begin PBXVariantGroup section */
		11F53FE81B6B8F25002A8C89 /* Main.storyboard */ = {
			isa = PBXVariantGroup;
			children = (
				11F53FE91B6B8F25002A8C89 /* Base */,
			);
			name = Main.storyboard;
			sourceTree = "<group>";
		};
		11F53FED1B6B8F25002A8C89 /* LaunchScreen.xib */ = {
			isa = PBXVariantGroup;
			children = (
				11F53FEE1B6B8F25002A8C89 /* Base */,
			);
			name = LaunchScreen.xib;
			sourceTree = "<group>";
		};
/* End PBXVariantGroup section */

/* Begin XCBuildConfiguration section */
		11F53FFC1B6B8F25002A8C89 /* Debug */ = {
			isa = XCBuildConfiguration;
			buildSettings = {
				ALWAYS_SEARCH_USER_PATHS = NO;
				CLANG_CXX_LANGUAGE_STANDARD = "gnu++0x";
				CLANG_CXX_LIBRARY = "libc++";
				CLANG_ENABLE_MODULES = YES;
				CLANG_ENABLE_OBJC_ARC = YES;
				CLANG_WARN_BOOL_CONVERSION = YES;
				CLANG_WARN_CONSTANT_CONVERSION = YES;
				CLANG_WARN_DIRECT_OBJC_ISA_USAGE = YES_ERROR;
				CLANG_WARN_EMPTY_BODY = YES;
				CLANG_WARN_ENUM_CONVERSION = YES;
				CLANG_WARN_INT_CONVERSION = YES;
				CLANG_WARN_OBJC_ROOT_CLASS = YES_ERROR;
				CLANG_WARN_UNREACHABLE_CODE = YES;
				CLANG_WARN__DUPLICATE_METHOD_MATCH = YES;
				"CODE_SIGN_IDENTITY[sdk=iphoneos*]" = "iPhone Developer";
				COPY_PHASE_STRIP = NO;
				DEBUG_INFORMATION_FORMAT = "dwarf-with-dsym";
				ENABLE_STRICT_OBJC_MSGSEND = YES;
				GCC_C_LANGUAGE_STANDARD = gnu99;
				GCC_DYNAMIC_NO_PIC = NO;
				GCC_NO_COMMON_BLOCKS = YES;
				GCC_OPTIMIZATION_LEVEL = 0;
				GCC_PREPROCESSOR_DEFINITIONS = (
					"DEBUG=1",
					"$(inherited)",
				);
				GCC_SYMBOLS_PRIVATE_EXTERN = NO;
				GCC_WARN_64_TO_32_BIT_CONVERSION = YES;
				GCC_WARN_ABOUT_RETURN_TYPE = YES_ERROR;
				GCC_WARN_UNDECLARED_SELECTOR = YES;
				GCC_WARN_UNINITIALIZED_AUTOS = YES_AGGRESSIVE;
				GCC_WARN_UNUSED_FUNCTION = YES;
				GCC_WARN_UNUSED_VARIABLE = YES;
				IPHONEOS_DEPLOYMENT_TARGET = 8.4;
				MTL_ENABLE_DEBUG_INFO = YES;
				ONLY_ACTIVE_ARCH = YES;
				SDKROOT = iphoneos;
			};
			name = Debug;
		};
		11F53FFD1B6B8F25002A8C89 /* Release */ = {
			isa = XCBuildConfiguration;
			buildSettings = {
				ALWAYS_SEARCH_USER_PATHS = NO;
				CLANG_CXX_LANGUAGE_STANDARD = "gnu++0x";
				CLANG_CXX_LIBRARY = "libc++";
				CLANG_ENABLE_MODULES = YES;
				CLANG_ENABLE_OBJC_ARC = YES;
				CLANG_WARN_BOOL_CONVERSION = YES;
				CLANG_WARN_CONSTANT_CONVERSION = YES;
				CLANG_WARN_DIRECT_OBJC_ISA_USAGE = YES_ERROR;
				CLANG_WARN_EMPTY_BODY = YES;
				CLANG_WARN_ENUM_CONVERSION = YES;
				CLANG_WARN_INT_CONVERSION = YES;
				CLANG_WARN_OBJC_ROOT_CLASS = YES_ERROR;
				CLANG_WARN_UNREACHABLE_CODE = YES;
				CLANG_WARN__DUPLICATE_METHOD_MATCH = YES;
				"CODE_SIGN_IDENTITY[sdk=iphoneos*]" = "iPhone Developer";
				COPY_PHASE_STRIP = NO;
				DEBUG_INFORMATION_FORMAT = "dwarf-with-dsym";
				ENABLE_NS_ASSERTIONS = NO;
				ENABLE_STRICT_OBJC_MSGSEND = YES;
				GCC_C_LANGUAGE_STANDARD = gnu99;
				GCC_NO_COMMON_BLOCKS = YES;
				GCC_WARN_64_TO_32_BIT_CONVERSION = YES;
				GCC_WARN_ABOUT_RETURN_TYPE = YES_ERROR;
				GCC_WARN_UNDECLARED_SELECTOR = YES;
				GCC_WARN_UNINITIALIZED_AUTOS = YES_AGGRESSIVE;
				GCC_WARN_UNUSED_FUNCTION = YES;
				GCC_WARN_UNUSED_VARIABLE = YES;
				IPHONEOS_DEPLOYMENT_TARGET = 8.4;
				MTL_ENABLE_DEBUG_INFO = NO;
				SDKROOT = iphoneos;
				VALIDATE_PRODUCT = YES;
			};
			name = Release;
		};
		11F53FFF1B6B8F25002A8C89 /* Debug */ = {
			isa = XCBuildConfiguration;
			buildSettings = {
				ASSETCATALOG_COMPILER_APPICON_NAME = AppIcon;
				INFOPLIST_FILE = TestCoverage/Info.plist;
				LD_RUNPATH_SEARCH_PATHS = "$(inherited) @executable_path/Frameworks";
				PRODUCT_NAME = "$(TARGET_NAME)";
			};
			name = Debug;
		};
		11F540001B6B8F25002A8C89 /* Release */ = {
			isa = XCBuildConfiguration;
			buildSettings = {
				ASSETCATALOG_COMPILER_APPICON_NAME = AppIcon;
				INFOPLIST_FILE = TestCoverage/Info.plist;
				LD_RUNPATH_SEARCH_PATHS = "$(inherited) @executable_path/Frameworks";
				PRODUCT_NAME = "$(TARGET_NAME)";
			};
			name = Release;
		};
		11F540021B6B8F25002A8C89 /* Debug */ = {
			isa = XCBuildConfiguration;
			buildSettings = {
				BUNDLE_LOADER = "$(TEST_HOST)";
				FRAMEWORK_SEARCH_PATHS = (
					"$(SDKROOT)/Developer/Library/Frameworks",
					"$(inherited)",
				);
				GCC_PREPROCESSOR_DEFINITIONS = (
					"DEBUG=1",
					"$(inherited)",
				);
				INFOPLIST_FILE = TestCoverageTests/Info.plist;
				LD_RUNPATH_SEARCH_PATHS = "$(inherited) @executable_path/Frameworks @loader_path/Frameworks";
				PRODUCT_NAME = "$(TARGET_NAME)";
				TEST_HOST = "$(BUILT_PRODUCTS_DIR)/TestCoverage.app/TestCoverage";
			};
			name = Debug;
		};
		11F540031B6B8F25002A8C89 /* Release */ = {
			isa = XCBuildConfiguration;
			buildSettings = {
				BUNDLE_LOADER = "$(TEST_HOST)";
				FRAMEWORK_SEARCH_PATHS = (
					"$(SDKROOT)/Developer/Library/Frameworks",
					"$(inherited)",
				);
				INFOPLIST_FILE = TestCoverageTests/Info.plist;
				LD_RUNPATH_SEARCH_PATHS = "$(inherited) @executable_path/Frameworks @loader_path/Frameworks";
				PRODUCT_NAME = "$(TARGET_NAME)";
				TEST_HOST = "$(BUILT_PRODUCTS_DIR)/TestCoverage.app/TestCoverage";
			};
			name = Release;
		};
/* End XCBuildConfiguration section */

/* Begin XCConfigurationList section */
		11F53FD61B6B8F25002A8C89 /* Build configuration list for PBXProject "TestCoverage" */ = {
			isa = XCConfigurationList;
			buildConfigurations = (
				11F53FFC1B6B8F25002A8C89 /* Debug */,
				11F53FFD1B6B8F25002A8C89 /* Release */,
			);
			defaultConfigurationIsVisible = 0;
			defaultConfigurationName = Release;
		};
		11F53FFE1B6B8F25002A8C89 /* Build configuration list for PBXNativeTarget "TestCoverage" */ = {
			isa = XCConfigurationList;
			buildConfigurations = (
				11F53FFF1B6B8F25002A8C89 /* Debug */,
				11F540001B6B8F25002A8C89 /* Release */,
			);
			defaultConfigurationIsVisible = 0;
		};
		11F540011B6B8F25002A8C89 /* Build configuration list for PBXNativeTarget "TestCoverageTests" */ = {
			isa = XCConfigurationList;
			buildConfigurations = (
				11F540021B6B8F25002A8C89 /* Debug */,
				11F540031B6B8F25002A8C89 /* Release */,
			);
			defaultConfigurationIsVisible = 0;
		};
/* End XCConfigurationList section */
	};
	rootObject = 11F53FD31B6B8F25002A8C89 /* Project object */;
}
